# @generated by Move, please check-in and do not edit manually.

[move]
version = 3
manifest_digest = "378D89836D2B5E53773923B0D08F3911432FCEB9675D7AB5019CAAC135BA6708"
deps_digest = "F9B494B64F0615AED0E98FC12A85B85ECD2BC5185C22D30E7F67786BB52E507C"
dependencies = [
  { id = "Bridge", name = "Bridge" },
  { id = "MoveStdlib", name = "MoveStdlib" },
  { id = "Sui", name = "Sui" },
  { id = "SuiSystem", name = "SuiSystem" },
]

[[move.package]]
id = "Bridge"
source = { git = "https://github.com/MystenLabs/sui.git", rev = "04f11afaf5e0", subdir = "crates/sui-framework/packages/bridge" }

dependencies = [
  { id = "MoveStdlib", name = "MoveStdlib" },
  { id = "Sui", name = "Sui" },
  { id = "SuiSystem", name = "SuiSystem" },
]

[[move.package]]
id = "MoveStdlib"
source = { git = "https://github.com/MystenLabs/sui.git", rev = "04f11afaf5e0", subdir = "crates/sui-framework/packages/move-stdlib" }

[[move.package]]
id = "Sui"
source = { git = "https://github.com/MystenLabs/sui.git", rev = "04f11afaf5e0", subdir = "crates/sui-framework/packages/sui-framework" }

dependencies = [
  { id = "MoveStdlib", name = "MoveStdlib" },
]

[[move.package]]
id = "SuiSystem"
source = { git = "https://github.com/MystenLabs/sui.git", rev = "04f11afaf5e0", subdir = "crates/sui-framework/packages/sui-system" }

dependencies = [
  { id = "MoveStdlib", name = "MoveStdlib" },
  { id = "Sui", name = "Sui" },
]

[move.toolchain-version]
compiler-version = "1.46.3"
edition = "2024.beta"
flavor = "sui"

[env]

[env.devnet]
chain-id = "f4a15ff1"
original-published-id = "0x9acc795fa93bc15aad038d1e18bdfc0096d1dad0a52ea33d5eeb2574b0212ca8"
latest-published-id = "0x9acc795fa93bc15aad038d1e18bdfc0096d1dad0a52ea33d5eeb2574b0212ca8"
published-version = "1"

[env.testnet]
chain-id = "4c78adac"
original-published-id = "0x18dfdc7b1568eb9d6eac2057327ee2763e25473c4523bc635743b9b01707a46e"
latest-published-id = "0x18dfdc7b1568eb9d6eac2057327ee2763e25473c4523bc635743b9b01707a46e"
published-version = "1"
